
Microsoft Visual Studio Solution File, Format Version 12.00
# Visual Studio 15
VisualStudioVersion = 15.0.27703.2035
MinimumVisualStudioVersion = 10.0.40219.1
Project("{888888A0-9F3D-457C-B088-3A5042F75D52}") = "DataQA", "DataQA\DataQA.pyproj", "{257C0B8E-C6C3-4C8E-9BA2-D79B955A248E}"
EndProject
Global
	GlobalSection(SolutionConfigurationPlatforms) = preSolution
		Debug|Any CPU = Debug|Any CPU
		Release|Any CPU = Release|Any CPU
	EndGlobalSection
	GlobalSection(ProjectConfigurationPlatforms) = postSolution
		{257C0B8E-C6C3-4C8E-9BA2-D79B955A248E}.Debug|Any CPU.ActiveCfg = Debug|Any CPU
		{257C0B8E-C6C3-4C8E-9BA2-D79B955A248E}.Release|Any CPU.ActiveCfg = Release|Any CPU
	EndGlobalSection
	GlobalSection(SolutionProperties) = preSolution
		HideSolutionNode = FALSE
	EndGlobalSection
	GlobalSection(ExtensibilityGlobals) = postSolution
		SolutionGuid = {2483A4C9-6153-417F-B3CD-9B8EDB534190}
	EndGlobalSection
EndGlobal
